GEM
  remote: https://rubygems.org/
  specs:
    bashcov (4.0.0)
      simplecov (~> 1.1)
    rexml (3.4.4)
    simplecov (1.1.1)
    simplecov-cobertura (4.0.0)
      rexml
      simplecov (~> 1.0)

PLATFORMS
  aarch64-linux
  arm64-darwin
  ruby
  x64-mingw-ucrt
  x86_64-darwin
  x86_64-linux

DEPENDENCIES
  bashcov (>= 4.0)
  simplecov-cobertura

RUBY VERSION
  ruby 3.4.5p51

BUNDLED WITH
  4.0.19
